
Microsoft Visual Studio Solution File, Format Version 12.00
# Visual Studio Express 2013 for Windows Desktop
VisualStudioVersion = 12.0.30723.0
MinimumVisualStudioVersion = 10.0.40219.1
Project("{F184B08F-C81C-45F6-A57F-5ABD9991F28F}") = "FileAnalyze", "FileAnalyze.vbproj", "{CCA0F1C7-8E64-4C26-8D5C-2DF9099E6AC9}"
EndProject
Project("{F184B08F-C81C-45F6-A57F-5ABD9991F28F}") = "dotNet_Lib_WinFile", "..\dotNet_Lib_WinFile\dotNet_Lib_WinFile\dotNet_Lib_WinFile.vbproj", "{D10FF20E-5F08-41FF-A11C-EE21C18C27B3}"
EndProject
Global
	GlobalSection(SolutionConfigurationPlatforms) = preSolution
		Debug|Any CPU = Debug|Any CPU
		Release|Any CPU = Release|Any CPU
	EndGlobalSection
	GlobalSection(ProjectConfigurationPlatforms) = postSolution
		{CCA0F1C7-8E64-4C26-8D5C-2DF9099E6AC9}.Debug|Any CPU.ActiveCfg = Debug|Any CPU
		{CCA0F1C7-8E64-4C26-8D5C-2DF9099E6AC9}.Debug|Any CPU.Build.0 = Debug|Any CPU
		{CCA0F1C7-8E64-4C26-8D5C-2DF9099E6AC9}.Release|Any CPU.ActiveCfg = Release|Any CPU
		{CCA0F1C7-8E64-4C26-8D5C-2DF9099E6AC9}.Release|Any CPU.Build.0 = Release|Any CPU
		{D10FF20E-5F08-41FF-A11C-EE21C18C27B3}.Debug|Any CPU.ActiveCfg = Debug|Any CPU
		{D10FF20E-5F08-41FF-A11C-EE21C18C27B3}.Debug|Any CPU.Build.0 = Debug|Any CPU
		{D10FF20E-5F08-41FF-A11C-EE21C18C27B3}.Release|Any CPU.ActiveCfg = Release|Any CPU
		{D10FF20E-5F08-41FF-A11C-EE21C18C27B3}.Release|Any CPU.Build.0 = Release|Any CPU
	EndGlobalSection
	GlobalSection(SolutionProperties) = preSolution
		HideSolutionNode = FALSE
	EndGlobalSection
EndGlobal
